// !$*UTF8*$!
{
	archiveVersion = 1;
	classes = {
	};
	objectVersion = 46;
	objects = {

/* Begin PBXBuildFile section */
		3E3740D81750509600034543 /* UIKit.framework in Frameworks */ = {isa = PBXBuildFile; fileRef = 3E3740D71750509600034543 /* UIKit.framework */; };
		3E3740DA1750509600034543 /* Foundation.framework in Frameworks */ = {isa = PBXBuildFile; fileRef = 3E3740D91750509600034543 /* Foundation.framework */; };
		3E3740DC1750509600034543 /* CoreGraphics.framework in Frameworks */ = {isa = PBXBuildFile; fileRef = 3E3740DB1750509600034543 /* CoreGraphics.framework */; };
		3E3740E21750509600034543 /* InfoPlist.strings in Resources */ = {isa = PBXBuildFile; fileRef = 3E3740E01750509600034543 /* InfoPlist.strings */; };
		3E3740E41750509600034543 /* main.m in Sources */ = {isa = PBXBuildFile; fileRef = 3E3740E31750509600034543 /* main.m */; };
		3E3740E81750509600034543 /* AppDelegate.m in Sources */ = {isa = PBXBuildFile; fileRef = 3E3740E71750509600034543 /* AppDelegate.m */; };
		3E3740EA1750509600034543 /* Default.png in Resources */ = {isa = PBXBuildFile; fileRef = 3E3740E91750509600034543 /* Default.png */; };
		3E3740EC1750509600034543 /* Default@2x.png in Resources */ = {isa = PBXBuildFile; fileRef = 3E3740EB1750509600034543 /* Default@2x.png */; };
		3E3740EE1750509600034543 /* Default-568h@2x.png in Resources */ = {isa = PBXBuildFile; fileRef = 3E3740ED1750509600034543 /* Default-568h@2x.png */; };
		3E3740F61750542900034543 /* ARCObject.m in Sources */ = {isa = PBXBuildFile; fileRef = 3E3740F51750542900034543 /* ARCObject.m */; };
/* End PBXBuildFile section */

/* Begin PBXFileReference section */
		3E3740D41750509600034543 /* ARCLearning.app */ = {isa = PBXFileReference; explicitFileType = wrapper.application; includeInIndex = 0; path = ARCLearning.app; sourceTree = BUILT_PRODUCTS_DIR; };
		3E3740D71750509600034543 /* UIKit.framework */ = {isa = PBXFileReference; lastKnownFileType = wrapper.framework; name = UIKit.framework; path = System/Library/Frameworks/UIKit.framework; sourceTree = SDKROOT; };
		3E3740D91750509600034543 /* Foundation.framework */ = {isa = PBXFileReference; lastKnownFileType = wrapper.framework; name = Foundation.framework; path = System/Library/Frameworks/Foundation.framework; sourceTree = SDKROOT; };
		3E3740DB1750509600034543 /* CoreGraphics.framework */ = {isa = PBXFileReference; lastKnownFileType = wrapper.framework; name = CoreGraphics.framework; path = System/Library/Frameworks/CoreGraphics.framework; sourceTree = SDKROOT; };
		3E3740DF1750509600034543 /* ARCLearning-Info.plist */ = {isa = PBXFileReference; lastKnownFileType = text.plist.xml; path = "ARCLearning-Info.plist"; sourceTree = "<group>"; };
		3E3740E11750509600034543 /* en */ = {isa = PBXFileReference; lastKnownFileType = text.plist.strings; name = en; path = en.lproj/InfoPlist.strings; sourceTree = "<group>"; };
		3E3740E31750509600034543 /* main.m */ = {isa = PBXFileReference; lastKnownFileType = sourcecode.c.objc; path = main.m; sourceTree = "<group>"; };
		3E3740E51750509600034543 /* ARCLearning-Prefix.pch */ = {isa = PBXFileReference; lastKnownFileType = sourcecode.c.h; path = "ARCLearning-Prefix.pch"; sourceTree = "<group>"; };
		3E3740E61750509600034543 /* AppDelegate.h */ = {isa = PBXFileReference; lastKnownFileType = sourcecode.c.h; path = AppDelegate.h; sourceTree = "<group>"; };
		3E3740E71750509600034543 /* AppDelegate.m */ = {isa = PBXFileReference; lastKnownFileType = sourcecode.c.objc; path = AppDelegate.m; sourceTree = "<group>"; };
		3E3740E91750509600034543 /* Default.png */ = {isa = PBXFileReference; lastKnownFileType = image.png; path = Default.png; sourceTree = "<group>"; };
		3E3740EB1750509600034543 /* Default@2x.png */ = {isa = PBXFileReference; lastKnownFileType = image.png; path = "Default@2x.png"; sourceTree = "<group>"; };
		3E3740ED1750509600034543 /* Default-568h@2x.png */ = {isa = PBXFileReference; lastKnownFileType = image.png; path = "Default-568h@2x.png"; sourceTree = "<group>"; };
		3E3740F41750542900034543 /* ARCObject.h */ = {isa = PBXFileReference; fileEncoding = 4; lastKnownFileType = sourcecode.c.h; path = ARCObject.h; sourceTree = "<group>"; };
		3E3740F51750542900034543 /* ARCObject.m */ = {isa = PBXFileReference; fileEncoding = 4; lastKnownFileType = sourcecode.c.objc; path = ARCObject.m; sourceTree = "<group>"; };
/* End PBXFileReference section */

/* Begin PBXFrameworksBuildPhase section */
		3E3740D11750509600034543 /* Frameworks */ = {
			isa = PBXFrameworksBuildPhase;
			buildActionMask = 2147483647;
			files = (
				3E3740D81750509600034543 /* UIKit.framework in Frameworks */,
				3E3740DA1750509600034543 /* Foundation.framework in Frameworks */,
				3E3740DC1750509600034543 /* CoreGraphics.framework in Frameworks */,
			);
			runOnlyForDeploymentPostprocessing = 0;
		};
/* End PBXFrameworksBuildPhase section */

/* Begin PBXGroup section */
		3E3740CB1750509600034543 = {
			isa = PBXGroup;
			children = (
				3E3740DD1750509600034543 /* ARCLearning */,
				3E3740D61750509600034543 /* Frameworks */,
				3E3740D51750509600034543 /* Products */,
			);
			sourceTree = "<group>";
		};
		3E3740D51750509600034543 /* Products */ = {
			isa = PBXGroup;
			children = (
				3E3740D41750509600034543 /* ARCLearning.app */,
			);
			name = Products;
			sourceTree = "<group>";
		};
		3E3740D61750509600034543 /* Frameworks */ = {
			isa = PBXGroup;
			children = (
				3E3740D71750509600034543 /* UIKit.framework */,
				3E3740D91750509600034543 /* Foundation.framework */,
				3E3740DB1750509600034543 /* CoreGraphics.framework */,
			);
			name = Frameworks;
			sourceTree = "<group>";
		};
		3E3740DD1750509600034543 /* ARCLearning */ = {
			isa = PBXGroup;
			children = (
				3E3740E61750509600034543 /* AppDelegate.h */,
				3E3740E71750509600034543 /* AppDelegate.m */,
				3E3740F41750542900034543 /* ARCObject.h */,
				3E3740F51750542900034543 /* ARCObject.m */,
				3E3740DE1750509600034543 /* Supporting Files */,
			);
			path = ARCLearning;
			sourceTree = "<group>";
		};
		3E3740DE1750509600034543 /* Supporting Files */ = {
			isa = PBXGroup;
			children = (
				3E3740DF1750509600034543 /* ARCLearning-Info.plist */,
				3E3740E01750509600034543 /* InfoPlist.strings */,
				3E3740E31750509600034543 /* main.m */,
				3E3740E51750509600034543 /* ARCLearning-Prefix.pch */,
				3E3740E91750509600034543 /* Default.png */,
				3E3740EB1750509600034543 /* Default@2x.png */,
				3E3740ED1750509600034543 /* Default-568h@2x.png */,
			);
			name = "Supporting Files";
			sourceTree = "<group>";
		};
/* End PBXGroup section */

/* Begin PBXNativeTarget section */
		3E3740D31750509600034543 /* ARCLearning */ = {
			isa = PBXNativeTarget;
			buildConfigurationList = 3E3740F11750509600034543 /* Build configuration list for PBXNativeTarget "ARCLearning" */;
			buildPhases = (
				3E3740D01750509600034543 /* Sources */,
				3E3740D11750509600034543 /* Frameworks */,
				3E3740D21750509600034543 /* Resources */,
			);
			buildRules = (
			);
			dependencies = (
			);
			name = ARCLearning;
			productName = ARCLearning;
			productReference = 3E3740D41750509600034543 /* ARCLearning.app */;
			productType = "com.apple.product-type.application";
		};
/* End PBXNativeTarget section */

/* Begin PBXProject section */
		3E3740CC1750509600034543 /* Project object */ = {
			isa = PBXProject;
			attributes = {
				LastUpgradeCheck = 0460;
				ORGANIZATIONNAME = yangzexin;
			};
			buildConfigurationList = 3E3740CF1750509600034543 /* Build configuration list for PBXProject "ARCLearning" */;
			compatibilityVersion = "Xcode 3.2";
			developmentRegion = English;
			hasScannedForEncodings = 0;
			knownRegions = (
				en,
			);
			mainGroup = 3E3740CB1750509600034543;
			productRefGroup = 3E3740D51750509600034543 /* Products */;
			projectDirPath = "";
			projectRoot = "";
			targets = (
				3E3740D31750509600034543 /* ARCLearning */,
			);
		};
/* End PBXProject section */

/* Begin PBXResourcesBuildPhase section */
		3E3740D21750509600034543 /* Resources */ = {
			isa = PBXResourcesBuildPhase;
			buildActionMask = 2147483647;
			files = (
				3E3740E21750509600034543 /* InfoPlist.strings in Resources */,
				3E3740EA1750509600034543 /* Default.png in Resources */,
				3E3740EC1750509600034543 /* Default@2x.png in Resources */,
				3E3740EE1750509600034543 /* Default-568h@2x.png in Resources */,
			);
			runOnlyForDeploymentPostprocessing = 0;
		};
/* End PBXResourcesBuildPhase section */

/* Begin PBXSourcesBuildPhase section */
		3E3740D01750509600034543 /* Sources */ = {
			isa = PBXSourcesBuildPhase;
			buildActionMask = 2147483647;
			files = (
				3E3740E41750509600034543 /* main.m in Sources */,
				3E3740E81750509600034543 /* AppDelegate.m in Sources */,
				3E3740F61750542900034543 /* ARCObject.m in Sources */,
			);
			runOnlyForDeploymentPostprocessing = 0;
		};
/* End PBXSourcesBuildPhase section */

/* Begin PBXVariantGroup section */
		3E3740E01750509600034543 /* InfoPlist.strings */ = {
			isa = PBXVariantGroup;
			children = (
				3E3740E11750509600034543 /* en */,
			);
			name = InfoPlist.strings;
			sourceTree = "<group>";
		};
/* End PBXVariantGroup section */

/* Begin XCBuildConfiguration section */
		3E3740EF1750509600034543 /* Debug */ = {
			isa = XCBuildConfiguration;
			buildSettings = {
				ALWAYS_SEARCH_USER_PATHS = NO;
				CLANG_CXX_LANGUAGE_STANDARD = "gnu++0x";
				CLANG_CXX_LIBRARY = "libc++";
				CLANG_ENABLE_OBJC_ARC = YES;
				CLANG_WARN_CONSTANT_CONVERSION = YES;
				CLANG_WARN_EMPTY_BODY = YES;
				CLANG_WARN_ENUM_CONVERSION = YES;
				CLANG_WARN_INT_CONVERSION = YES;
				CLANG_WARN__DUPLICATE_METHOD_MATCH = YES;
				"CODE_SIGN_IDENTITY[sdk=iphoneos*]" = "iPhone Developer";
				COPY_PHASE_STRIP = NO;
				GCC_C_LANGUAGE_STANDARD = gnu99;
				GCC_DYNAMIC_NO_PIC = NO;
				GCC_OPTIMIZATION_LEVEL = 0;
				GCC_PREPROCESSOR_DEFINITIONS = (
					"DEBUG=1",
					"$(inherited)",
				);
				GCC_SYMBOLS_PRIVATE_EXTERN = NO;
				GCC_WARN_ABOUT_RETURN_TYPE = YES;
				GCC_WARN_UNINITIALIZED_AUTOS = YES;
				GCC_WARN_UNUSED_VARIABLE = YES;
				IPHONEOS_DEPLOYMENT_TARGET = 6.1;
				ONLY_ACTIVE_ARCH = YES;
				SDKROOT = iphoneos;
				TARGETED_DEVICE_FAMILY = "1,2";
			};
			name = Debug;
		};
		3E3740F01750509600034543 /* Release */ = {
			isa = XCBuildConfiguration;
			buildSettings = {
				ALWAYS_SEARCH_USER_PATHS = NO;
				CLANG_CXX_LANGUAGE_STANDARD = "gnu++0x";
				CLANG_CXX_LIBRARY = "libc++";
				CLANG_ENABLE_OBJC_ARC = YES;
				CLANG_WARN_CONSTANT_CONVERSION = YES;
				CLANG_WARN_EMPTY_BODY = YES;
				CLANG_WARN_ENUM_CONVERSION = YES;
				CLANG_WARN_INT_CONVERSION = YES;
				CLANG_WARN__DUPLICATE_METHOD_MATCH = YES;
				"CODE_SIGN_IDENTITY[sdk=iphoneos*]" = "iPhone Developer";
				COPY_PHASE_STRIP = YES;
				GCC_C_LANGUAGE_STANDARD = gnu99;
				GCC_WARN_ABOUT_RETURN_TYPE = YES;
				GCC_WARN_UNINITIALIZED_AUTOS = YES;
				GCC_WARN_UNUSED_VARIABLE = YES;
				IPHONEOS_DEPLOYMENT_TARGET = 6.1;
				OTHER_CFLAGS = "-DNS_BLOCK_ASSERTIONS=1";
				SDKROOT = iphoneos;
				TARGETED_DEVICE_FAMILY = "1,2";
				VALIDATE_PRODUCT = YES;
			};
			name = Release;
		};
		3E3740F21750509600034543 /* Debug */ = {
			isa = XCBuildConfiguration;
			buildSettings = {
				GCC_PRECOMPILE_PREFIX_HEADER = YES;
				GCC_PREFIX_HEADER = "ARCLearning/ARCLearning-Prefix.pch";
				INFOPLIST_FILE = "ARCLearning/ARCLearning-Info.plist";
				PRODUCT_NAME = "$(TARGET_NAME)";
				WRAPPER_EXTENSION = app;
			};
			name = Debug;
		};
		3E3740F31750509600034543 /* Release */ = {
			isa = XCBuildConfiguration;
			buildSettings = {
				GCC_PRECOMPILE_PREFIX_HEADER = YES;
				GCC_PREFIX_HEADER = "ARCLearning/ARCLearning-Prefix.pch";
				INFOPLIST_FILE = "ARCLearning/ARCLearning-Info.plist";
				PRODUCT_NAME = "$(TARGET_NAME)";
				WRAPPER_EXTENSION = app;
			};
			name = Release;
		};
/* End XCBuildConfiguration section */

/* Begin XCConfigurationList section */
		3E3740CF1750509600034543 /* Build configuration list for PBXProject "ARCLearning" */ = {
			isa = XCConfigurationList;
			buildConfigurations = (
				3E3740EF1750509600034543 /* Debug */,
				3E3740F01750509600034543 /* Release */,
			);
			defaultConfigurationIsVisible = 0;
			defaultConfigurationName = Release;
		};
		3E3740F11750509600034543 /* Build configuration list for PBXNativeTarget "ARCLearning" */ = {
			isa = XCConfigurationList;
			buildConfigurations = (
				3E3740F21750509600034543 /* Debug */,
				3E3740F31750509600034543 /* Release */,
			);
			defaultConfigurationIsVisible = 0;
		};
/* End XCConfigurationList section */
	};
	rootObject = 3E3740CC1750509600034543 /* Project object */;
}
